
Microsoft Visual Studio Solution File, Format Version 12.00
Project("{FAE04EC0-301F-11D3-BF4B-00C04F79EFBC}") = "JobBoard.Web", "JobBoard.Web\JobBoard.Web.csproj", "{AD501E66-45D9-459C-9BA6-EACB74FBD7D0}"
EndProject
Project("{FAE04EC0-301F-11D3-BF4B-00C04F79EFBC}") = "JobBoard.Application", "JobBoard.Application\JobBoard.Application.csproj", "{715DEB05-F8A0-44DA-AB31-5F0EC671A3BC}"
EndProject
Project("{FAE04EC0-301F-11D3-BF4B-00C04F79EFBC}") = "JobBoard.Infrastructure", "JobBoard.Infrastructure\JobBoard.Infrastructure.csproj", "{CA1B0AE7-812D-4295-A47C-70F3B64EF415}"
EndProject
Project("{FAE04EC0-301F-11D3-BF4B-00C04F79EFBC}") = "JobBoard.Domain", "JobBoard.Domain\JobBoard.Domain.csproj", "{6240A3F3-A400-4F70-96AB-C988CC6FCE78}"
EndProject
Project("{FAE04EC0-301F-11D3-BF4B-00C04F79EFBC}") = "JobBoard.Tests", "JobBoard.Tests\JobBoard.Tests.csproj", "{38DA59A2-AFF2-43F6-AA0D-CAE759A96B5B}"
EndProject
Global
	GlobalSection(SolutionConfigurationPlatforms) = preSolution
		Debug|Any CPU = Debug|Any CPU
		Release|Any CPU = Release|Any CPU
	EndGlobalSection
	GlobalSection(ProjectConfigurationPlatforms) = postSolution
		{AD501E66-45D9-459C-9BA6-EACB74FBD7D0}.Debug|Any CPU.ActiveCfg = Debug|Any CPU
		{AD501E66-45D9-459C-9BA6-EACB74FBD7D0}.Debug|Any CPU.Build.0 = Debug|Any CPU
		{AD501E66-45D9-459C-9BA6-EACB74FBD7D0}.Release|Any CPU.ActiveCfg = Release|Any CPU
		{AD501E66-45D9-459C-9BA6-EACB74FBD7D0}.Release|Any CPU.Build.0 = Release|Any CPU
		{715DEB05-F8A0-44DA-AB31-5F0EC671A3BC}.Debug|Any CPU.ActiveCfg = Debug|Any CPU
		{715DEB05-F8A0-44DA-AB31-5F0EC671A3BC}.Debug|Any CPU.Build.0 = Debug|Any CPU
		{715DEB05-F8A0-44DA-AB31-5F0EC671A3BC}.Release|Any CPU.ActiveCfg = Release|Any CPU
		{715DEB05-F8A0-44DA-AB31-5F0EC671A3BC}.Release|Any CPU.Build.0 = Release|Any CPU
		{CA1B0AE7-812D-4295-A47C-70F3B64EF415}.Debug|Any CPU.ActiveCfg = Debug|Any CPU
		{CA1B0AE7-812D-4295-A47C-70F3B64EF415}.Debug|Any CPU.Build.0 = Debug|Any CPU
		{CA1B0AE7-812D-4295-A47C-70F3B64EF415}.Release|Any CPU.ActiveCfg = Release|Any CPU
		{CA1B0AE7-812D-4295-A47C-70F3B64EF415}.Release|Any CPU.Build.0 = Release|Any CPU
		{6240A3F3-A400-4F70-96AB-C988CC6FCE78}.Debug|Any CPU.ActiveCfg = Debug|Any CPU
		{6240A3F3-A400-4F70-96AB-C988CC6FCE78}.Debug|Any CPU.Build.0 = Debug|Any CPU
		{6240A3F3-A400-4F70-96AB-C988CC6FCE78}.Release|Any CPU.ActiveCfg = Release|Any CPU
		{6240A3F3-A400-4F70-96AB-C988CC6FCE78}.Release|Any CPU.Build.0 = Release|Any CPU
		{38DA59A2-AFF2-43F6-AA0D-CAE759A96B5B}.Debug|Any CPU.ActiveCfg = Debug|Any CPU
		{38DA59A2-AFF2-43F6-AA0D-CAE759A96B5B}.Debug|Any CPU.Build.0 = Debug|Any CPU
		{38DA59A2-AFF2-43F6-AA0D-CAE759A96B5B}.Release|Any CPU.ActiveCfg = Release|Any CPU
		{38DA59A2-AFF2-43F6-AA0D-CAE759A96B5B}.Release|Any CPU.Build.0 = Release|Any CPU
	EndGlobalSection
EndGlobal
